// !$*UTF8*$!
{
	archiveVersion = 1;
	classes = {
	};
	objectVersion = 56;
	objects = {

/* Begin PBXBuildFile section */
		BE1716FB2B401AAB00761FA6 /* SingleImageViewController.swift in Sources */ = {isa = PBXBuildFile; fileRef = BE1716FA2B401AAB00761FA6 /* SingleImageViewController.swift */; };
		BE324FF92B67F72C007D46F7 /* ProgressHUD in Frameworks */ = {isa = PBXBuildFile; productRef = BE324FF82B67F72C007D46F7 /* ProgressHUD */; };
		BE324FFE2B6A710E007D46F7 /* UIBlockingProgressHUD.swift in Sources */ = {isa = PBXBuildFile; fileRef = BE324FFD2B6A710D007D46F7 /* UIBlockingProgressHUD.swift */; };
		BE3250002B6A76B0007D46F7 /* ProfileService.swift in Sources */ = {isa = PBXBuildFile; fileRef = BE324FFF2B6A76B0007D46F7 /* ProfileService.swift */; };
		BE3250042B6A77CD007D46F7 /* Profile.swift in Sources */ = {isa = PBXBuildFile; fileRef = BE3250032B6A77CD007D46F7 /* Profile.swift */; };
		BE3250072B6A8D6C007D46F7 /* URLRequest+Extension.swift in Sources */ = {isa = PBXBuildFile; fileRef = BE3250062B6A8D6C007D46F7 /* URLRequest+Extension.swift */; };
		BE5A40D22B3E849B00AC88CD /* ProfileViewController.swift in Sources */ = {isa = PBXBuildFile; fileRef = BE5A40D12B3E849B00AC88CD /* ProfileViewController.swift */; };
		BEC284B92B29D0340096D5CE /* ImageListCell.swift in Sources */ = {isa = PBXBuildFile; fileRef = BEC284B82B29D0340096D5CE /* ImageListCell.swift */; };
		BED7EEE62B5D07EA006AA355 /* Constants.swift in Sources */ = {isa = PBXBuildFile; fileRef = BED7EEE52B5D07EA006AA355 /* Constants.swift */; };
		BED7EEE92B5E5F6E006AA355 /* AuthViewController.swift in Sources */ = {isa = PBXBuildFile; fileRef = BED7EEE82B5E5F6E006AA355 /* AuthViewController.swift */; };
		BED7EEED2B5E8191006AA355 /* WebViewViewController.swift in Sources */ = {isa = PBXBuildFile; fileRef = BED7EEEC2B5E8191006AA355 /* WebViewViewController.swift */; };
		BED7EEEF2B604ECA006AA355 /* WebViewViewControllerDelegate.swift in Sources */ = {isa = PBXBuildFile; fileRef = BED7EEEE2B604ECA006AA355 /* WebViewViewControllerDelegate.swift */; };
		BED7EEF22B638BCD006AA355 /* OAuthTokenResponseBody.swift in Sources */ = {isa = PBXBuildFile; fileRef = BED7EEF12B638BCD006AA355 /* OAuthTokenResponseBody.swift */; };
		BED7EEF62B6390F0006AA355 /* OAuth2Service.swift in Sources */ = {isa = PBXBuildFile; fileRef = BED7EEF52B6390F0006AA355 /* OAuth2Service.swift */; };
		BED7EEF82B6569CE006AA355 /* OAuth2TokenStorage.swift in Sources */ = {isa = PBXBuildFile; fileRef = BED7EEF72B6569CE006AA355 /* OAuth2TokenStorage.swift */; };
		BED7EEFA2B656D7A006AA355 /* SplashViewController.swift in Sources */ = {isa = PBXBuildFile; fileRef = BED7EEF92B656D7A006AA355 /* SplashViewController.swift */; };
		BED7EEFD2B66B172006AA355 /* AuthViewControllerDelegate.swift in Sources */ = {isa = PBXBuildFile; fileRef = BED7EEFC2B66B172006AA355 /* AuthViewControllerDelegate.swift */; };
		BEE8785E2B6AC11700B1DDDE /* NetworkError.swift in Sources */ = {isa = PBXBuildFile; fileRef = BEE8785D2B6AC11700B1DDDE /* NetworkError.swift */; };
		BEE878602B6AC47E00B1DDDE /* URLSession + Extension.swift in Sources */ = {isa = PBXBuildFile; fileRef = BEE8785F2B6AC47E00B1DDDE /* URLSession + Extension.swift */; };
		BEE878632B6B9E6600B1DDDE /* ProfileImageService.swift in Sources */ = {isa = PBXBuildFile; fileRef = BEE878622B6B9E6600B1DDDE /* ProfileImageService.swift */; };
		BEE878652B6B9E9400B1DDDE /* ProfileImage.swift in Sources */ = {isa = PBXBuildFile; fileRef = BEE878642B6B9E9400B1DDDE /* ProfileImage.swift */; };
		BEF298702B18FDC000CDB13D /* AppDelegate.swift in Sources */ = {isa = PBXBuildFile; fileRef = BEF2986F2B18FDC000CDB13D /* AppDelegate.swift */; };
		BEF298722B18FDC000CDB13D /* SceneDelegate.swift in Sources */ = {isa = PBXBuildFile; fileRef = BEF298712B18FDC000CDB13D /* SceneDelegate.swift */; };
		BEF298742B18FDC000CDB13D /* ImagesListViewController.swift in Sources */ = {isa = PBXBuildFile; fileRef = BEF298732B18FDC000CDB13D /* ImagesListViewController.swift */; };
		BEF298772B18FDC000CDB13D /* Main.storyboard in Resources */ = {isa = PBXBuildFile; fileRef = BEF298752B18FDC000CDB13D /* Main.storyboard */; };
		BEF298792B18FDC200CDB13D /* Assets.xcassets in Resources */ = {isa = PBXBuildFile; fileRef = BEF298782B18FDC200CDB13D /* Assets.xcassets */; };
		BEF2987C2B18FDC200CDB13D /* LaunchScreen.storyboard in Resources */ = {isa = PBXBuildFile; fileRef = BEF2987A2B18FDC200CDB13D /* LaunchScreen.storyboard */; };
/* End PBXBuildFile section */

/* Begin PBXFileReference section */
		BE1716FA2B401AAB00761FA6 /* SingleImageViewController.swift */ = {isa = PBXFileReference; lastKnownFileType = sourcecode.swift; path = SingleImageViewController.swift; sourceTree = "<group>"; };
		BE324FFD2B6A710D007D46F7 /* UIBlockingProgressHUD.swift */ = {isa = PBXFileReference; lastKnownFileType = sourcecode.swift; path = UIBlockingProgressHUD.swift; sourceTree = "<group>"; };
		BE324FFF2B6A76B0007D46F7 /* ProfileService.swift */ = {isa = PBXFileReference; lastKnownFileType = sourcecode.swift; path = ProfileService.swift; sourceTree = "<group>"; };
		BE3250032B6A77CD007D46F7 /* Profile.swift */ = {isa = PBXFileReference; lastKnownFileType = sourcecode.swift; path = Profile.swift; sourceTree = "<group>"; };
		BE3250062B6A8D6C007D46F7 /* URLRequest+Extension.swift */ = {isa = PBXFileReference; lastKnownFileType = sourcecode.swift; path = "URLRequest+Extension.swift"; sourceTree = "<group>"; };
		BE5A40D12B3E849B00AC88CD /* ProfileViewController.swift */ = {isa = PBXFileReference; lastKnownFileType = sourcecode.swift; path = ProfileViewController.swift; sourceTree = "<group>"; };
		BEC284B82B29D0340096D5CE /* ImageListCell.swift */ = {isa = PBXFileReference; lastKnownFileType = sourcecode.swift; path = ImageListCell.swift; sourceTree = "<group>"; };
		BED7EEE52B5D07EA006AA355 /* Constants.swift */ = {isa = PBXFileReference; lastKnownFileType = sourcecode.swift; path = Constants.swift; sourceTree = "<group>"; };
		BED7EEE82B5E5F6E006AA355 /* AuthViewController.swift */ = {isa = PBXFileReference; lastKnownFileType = sourcecode.swift; path = AuthViewController.swift; sourceTree = "<group>"; };
		BED7EEEC2B5E8191006AA355 /* WebViewViewController.swift */ = {isa = PBXFileReference; lastKnownFileType = sourcecode.swift; path = WebViewViewController.swift; sourceTree = "<group>"; };
		BED7EEEE2B604ECA006AA355 /* WebViewViewControllerDelegate.swift */ = {isa = PBXFileReference; lastKnownFileType = sourcecode.swift; path = WebViewViewControllerDelegate.swift; sourceTree = "<group>"; };
		BED7EEF12B638BCD006AA355 /* OAuthTokenResponseBody.swift */ = {isa = PBXFileReference; lastKnownFileType = sourcecode.swift; path = OAuthTokenResponseBody.swift; sourceTree = "<group>"; };
		BED7EEF52B6390F0006AA355 /* OAuth2Service.swift */ = {isa = PBXFileReference; lastKnownFileType = sourcecode.swift; path = OAuth2Service.swift; sourceTree = "<group>"; };
		BED7EEF72B6569CE006AA355 /* OAuth2TokenStorage.swift */ = {isa = PBXFileReference; lastKnownFileType = sourcecode.swift; path = OAuth2TokenStorage.swift; sourceTree = "<group>"; };
		BED7EEF92B656D7A006AA355 /* SplashViewController.swift */ = {isa = PBXFileReference; lastKnownFileType = sourcecode.swift; path = SplashViewController.swift; sourceTree = "<group>"; };
		BED7EEFC2B66B172006AA355 /* AuthViewControllerDelegate.swift */ = {isa = PBXFileReference; lastKnownFileType = sourcecode.swift; path = AuthViewControllerDelegate.swift; sourceTree = "<group>"; };
		BEE8785D2B6AC11700B1DDDE /* NetworkError.swift */ = {isa = PBXFileReference; lastKnownFileType = sourcecode.swift; path = NetworkError.swift; sourceTree = "<group>"; };
		BEE8785F2B6AC47E00B1DDDE /* URLSession + Extension.swift */ = {isa = PBXFileReference; lastKnownFileType = sourcecode.swift; path = "URLSession + Extension.swift"; sourceTree = "<group>"; };
		BEE878622B6B9E6600B1DDDE /* ProfileImageService.swift */ = {isa = PBXFileReference; lastKnownFileType = sourcecode.swift; path = ProfileImageService.swift; sourceTree = "<group>"; };
		BEE878642B6B9E9400B1DDDE /* ProfileImage.swift */ = {isa = PBXFileReference; lastKnownFileType = sourcecode.swift; path = ProfileImage.swift; sourceTree = "<group>"; };
		BEF2986C2B18FDC000CDB13D /* ImageFeed.app */ = {isa = PBXFileReference; explicitFileType = wrapper.application; includeInIndex = 0; path = ImageFeed.app; sourceTree = BUILT_PRODUCTS_DIR; };
		BEF2986F2B18FDC000CDB13D /* AppDelegate.swift */ = {isa = PBXFileReference; lastKnownFileType = sourcecode.swift; path = AppDelegate.swift; sourceTree = "<group>"; };
		BEF298712B18FDC000CDB13D /* SceneDelegate.swift */ = {isa = PBXFileReference; lastKnownFileType = sourcecode.swift; path = SceneDelegate.swift; sourceTree = "<group>"; };
		BEF298732B18FDC000CDB13D /* ImagesListViewController.swift */ = {isa = PBXFileReference; lastKnownFileType = sourcecode.swift; path = ImagesListViewController.swift; sourceTree = "<group>"; };
		BEF298762B18FDC000CDB13D /* Base */ = {isa = PBXFileReference; lastKnownFileType = file.storyboard; name = Base; path = Base.lproj/Main.storyboard; sourceTree = "<group>"; };
		BEF298782B18FDC200CDB13D /* Assets.xcassets */ = {isa = PBXFileReference; lastKnownFileType = folder.assetcatalog; path = Assets.xcassets; sourceTree = "<group>"; };
		BEF2987B2B18FDC200CDB13D /* Base */ = {isa = PBXFileReference; lastKnownFileType = file.storyboard; name = Base; path = Base.lproj/LaunchScreen.storyboard; sourceTree = "<group>"; };
		BEF2987D2B18FDC200CDB13D /* Info.plist */ = {isa = PBXFileReference; lastKnownFileType = text.plist.xml; path = Info.plist; sourceTree = "<group>"; };
/* End PBXFileReference section */

/* Begin PBXFrameworksBuildPhase section */
		BEF298692B18FDC000CDB13D /* Frameworks */ = {
			isa = PBXFrameworksBuildPhase;
			buildActionMask = 2147483647;
			files = (
				BE324FF92B67F72C007D46F7 /* ProgressHUD in Frameworks */,
			);
			runOnlyForDeploymentPostprocessing = 0;
		};
/* End PBXFrameworksBuildPhase section */

/* Begin PBXGroup section */
		BE3250052B6A8B7F007D46F7 /* Helper */ = {
			isa = PBXGroup;
			children = (
				BE3250062B6A8D6C007D46F7 /* URLRequest+Extension.swift */,
				BEE8785D2B6AC11700B1DDDE /* NetworkError.swift */,
				BEE8785F2B6AC47E00B1DDDE /* URLSession + Extension.swift */,
			);
			path = Helper;
			sourceTree = "<group>";
		};
		BE3638342B590B3F00A202D1 /* SinlgeImageView */ = {
			isa = PBXGroup;
			children = (
				BE1716FA2B401AAB00761FA6 /* SingleImageViewController.swift */,
			);
			path = SinlgeImageView;
			sourceTree = "<group>";
		};
		BE5A40D02B3E848800AC88CD /* Profile */ = {
			isa = PBXGroup;
			children = (
				BEE878612B6AD85E00B1DDDE /* Service */,
				BE5A40D12B3E849B00AC88CD /* ProfileViewController.swift */,
			);
			path = Profile;
			sourceTree = "<group>";
		};
		BEC284BA2B29D05B0096D5CE /* ImageList */ = {
			isa = PBXGroup;
			children = (
				BEC284B82B29D0340096D5CE /* ImageListCell.swift */,
				BEF298732B18FDC000CDB13D /* ImagesListViewController.swift */,
			);
			path = ImageList;
			sourceTree = "<group>";
		};
		BED7EEE72B5E5F3E006AA355 /* Authorization */ = {
			isa = PBXGroup;
			children = (
				BED7EEF32B6390D1006AA355 /* Service */,
				BED7EEE82B5E5F6E006AA355 /* AuthViewController.swift */,
				BED7EEEC2B5E8191006AA355 /* WebViewViewController.swift */,
				BED7EEEE2B604ECA006AA355 /* WebViewViewControllerDelegate.swift */,
				BED7EEFC2B66B172006AA355 /* AuthViewControllerDelegate.swift */,
				BE324FFD2B6A710D007D46F7 /* UIBlockingProgressHUD.swift */,
			);
			path = Authorization;
			sourceTree = "<group>";
		};
		BED7EEF02B638BB2006AA355 /* Models */ = {
			isa = PBXGroup;
			children = (
				BED7EEF12B638BCD006AA355 /* OAuthTokenResponseBody.swift */,
				BE3250032B6A77CD007D46F7 /* Profile.swift */,
				BEE878642B6B9E9400B1DDDE /* ProfileImage.swift */,
			);
			path = Models;
			sourceTree = "<group>";
		};
		BED7EEF32B6390D1006AA355 /* Service */ = {
			isa = PBXGroup;
			children = (
				BED7EEF52B6390F0006AA355 /* OAuth2Service.swift */,
				BED7EEF72B6569CE006AA355 /* OAuth2TokenStorage.swift */,
			);
			path = Service;
			sourceTree = "<group>";
		};
		BED7EEFB2B658601006AA355 /* SplashViewController */ = {
			isa = PBXGroup;
			children = (
				BED7EEF92B656D7A006AA355 /* SplashViewController.swift */,
			);
			path = SplashViewController;
			sourceTree = "<group>";
		};
		BEE878612B6AD85E00B1DDDE /* Service */ = {
			isa = PBXGroup;
			children = (
				BE324FFF2B6A76B0007D46F7 /* ProfileService.swift */,
				BEE878622B6B9E6600B1DDDE /* ProfileImageService.swift */,
			);
			path = Service;
			sourceTree = "<group>";
		};
		BEF298632B18FDC000CDB13D = {
			isa = PBXGroup;
			children = (
				BEF2986E2B18FDC000CDB13D /* ImageFeed */,
				BEF2986D2B18FDC000CDB13D /* Products */,
			);
			sourceTree = "<group>";
		};
		BEF2986D2B18FDC000CDB13D /* Products */ = {
			isa = PBXGroup;
			children = (
				BEF2986C2B18FDC000CDB13D /* ImageFeed.app */,
			);
			name = Products;
			sourceTree = "<group>";
		};
		BEF2986E2B18FDC000CDB13D /* ImageFeed */ = {
			isa = PBXGroup;
			children = (
				BE3250052B6A8B7F007D46F7 /* Helper */,
				BEF2986F2B18FDC000CDB13D /* AppDelegate.swift */,
				BEF298712B18FDC000CDB13D /* SceneDelegate.swift */,
				BED7EEE52B5D07EA006AA355 /* Constants.swift */,
				BED7EEF02B638BB2006AA355 /* Models */,
				BED7EEFB2B658601006AA355 /* SplashViewController */,
				BED7EEE72B5E5F3E006AA355 /* Authorization */,
				BEC284BA2B29D05B0096D5CE /* ImageList */,
				BE5A40D02B3E848800AC88CD /* Profile */,
				BE3638342B590B3F00A202D1 /* SinlgeImageView */,
				BEF298752B18FDC000CDB13D /* Main.storyboard */,
				BEF298782B18FDC200CDB13D /* Assets.xcassets */,
				BEF2987A2B18FDC200CDB13D /* LaunchScreen.storyboard */,
				BEF2987D2B18FDC200CDB13D /* Info.plist */,
			);
			path = ImageFeed;
			sourceTree = "<group>";
		};
/* End PBXGroup section */

/* Begin PBXNativeTarget section */
		BEF2986B2B18FDC000CDB13D /* ImageFeed */ = {
			isa = PBXNativeTarget;
			buildConfigurationList = BEF298802B18FDC200CDB13D /* Build configuration list for PBXNativeTarget "ImageFeed" */;
			buildPhases = (
				BEF298682B18FDC000CDB13D /* Sources */,
				BEF298692B18FDC000CDB13D /* Frameworks */,
				BEF2986A2B18FDC000CDB13D /* Resources */,
			);
			buildRules = (
			);
			dependencies = (
			);
			name = ImageFeed;
			packageProductDependencies = (
				BE324FF82B67F72C007D46F7 /* ProgressHUD */,
			);
			productName = ImageFeed;
			productReference = BEF2986C2B18FDC000CDB13D /* ImageFeed.app */;
			productType = "com.apple.product-type.application";
		};
/* End PBXNativeTarget section */

/* Begin PBXProject section */
		BEF298642B18FDC000CDB13D /* Project object */ = {
			isa = PBXProject;
			attributes = {
				BuildIndependentTargetsInParallel = 1;
				LastSwiftUpdateCheck = 1500;
				LastUpgradeCheck = 1500;
				TargetAttributes = {
					BEF2986B2B18FDC000CDB13D = {
						CreatedOnToolsVersion = 15.0.1;
					};
				};
			};
			buildConfigurationList = BEF298672B18FDC000CDB13D /* Build configuration list for PBXProject "ImageFeed" */;
			compatibilityVersion = "Xcode 14.0";
			developmentRegion = en;
			hasScannedForEncodings = 0;
			knownRegions = (
				en,
				Base,
			);
			mainGroup = BEF298632B18FDC000CDB13D;
			packageReferences = (
				BE324FF72B67F72B007D46F7 /* XCRemoteSwiftPackageReference "ProgressHUD" */,
			);
			productRefGroup = BEF2986D2B18FDC000CDB13D /* Products */;
			projectDirPath = "";
			projectRoot = "";
			targets = (
				BEF2986B2B18FDC000CDB13D /* ImageFeed */,
			);
		};
/* End PBXProject section */

/* Begin PBXResourcesBuildPhase section */
		BEF2986A2B18FDC000CDB13D /* Resources */ = {
			isa = PBXResourcesBuildPhase;
			buildActionMask = 2147483647;
			files = (
				BEF2987C2B18FDC200CDB13D /* LaunchScreen.storyboard in Resources */,
				BEF298792B18FDC200CDB13D /* Assets.xcassets in Resources */,
				BEF298772B18FDC000CDB13D /* Main.storyboard in Resources */,
			);
			runOnlyForDeploymentPostprocessing = 0;
		};
/* End PBXResourcesBuildPhase section */

/* Begin PBXSourcesBuildPhase section */
		BEF298682B18FDC000CDB13D /* Sources */ = {
			isa = PBXSourcesBuildPhase;
			buildActionMask = 2147483647;
			files = (
				BE5A40D22B3E849B00AC88CD /* ProfileViewController.swift in Sources */,
				BE3250072B6A8D6C007D46F7 /* URLRequest+Extension.swift in Sources */,
				BEE878602B6AC47E00B1DDDE /* URLSession + Extension.swift in Sources */,
				BED7EEEF2B604ECA006AA355 /* WebViewViewControllerDelegate.swift in Sources */,
				BED7EEF62B6390F0006AA355 /* OAuth2Service.swift in Sources */,
				BE324FFE2B6A710E007D46F7 /* UIBlockingProgressHUD.swift in Sources */,
				BED7EEFD2B66B172006AA355 /* AuthViewControllerDelegate.swift in Sources */,
				BEF298742B18FDC000CDB13D /* ImagesListViewController.swift in Sources */,
				BEC284B92B29D0340096D5CE /* ImageListCell.swift in Sources */,
				BE3250002B6A76B0007D46F7 /* ProfileService.swift in Sources */,
				BED7EEFA2B656D7A006AA355 /* SplashViewController.swift in Sources */,
				BEE878632B6B9E6600B1DDDE /* ProfileImageService.swift in Sources */,
				BED7EEF22B638BCD006AA355 /* OAuthTokenResponseBody.swift in Sources */,
				BEF298702B18FDC000CDB13D /* AppDelegate.swift in Sources */,
				BED7EEE92B5E5F6E006AA355 /* AuthViewController.swift in Sources */,
				BED7EEE62B5D07EA006AA355 /* Constants.swift in Sources */,
				BE1716FB2B401AAB00761FA6 /* SingleImageViewController.swift in Sources */,
				BEE878652B6B9E9400B1DDDE /* ProfileImage.swift in Sources */,
				BEE8785E2B6AC11700B1DDDE /* NetworkError.swift in Sources */,
				BED7EEED2B5E8191006AA355 /* WebViewViewController.swift in Sources */,
				BED7EEF82B6569CE006AA355 /* OAuth2TokenStorage.swift in Sources */,
				BE3250042B6A77CD007D46F7 /* Profile.swift in Sources */,
				BEF298722B18FDC000CDB13D /* SceneDelegate.swift in Sources */,
			);
			runOnlyForDeploymentPostprocessing = 0;
		};
/* End PBXSourcesBuildPhase section */

/* Begin PBXVariantGroup section */
		BEF298752B18FDC000CDB13D /* Main.storyboard */ = {
			isa = PBXVariantGroup;
			children = (
				BEF298762B18FDC000CDB13D /* Base */,
			);
			name = Main.storyboard;
			sourceTree = "<group>";
		};
		BEF2987A2B18FDC200CDB13D /* LaunchScreen.storyboard */ = {
			isa = PBXVariantGroup;
			children = (
				BEF2987B2B18FDC200CDB13D /* Base */,
			);
			name = LaunchScreen.storyboard;
			sourceTree = "<group>";
		};
/* End PBXVariantGroup section */

/* Begin XCBuildConfiguration section */
		BEF2987E2B18FDC200CDB13D /* Debug */ = {
			isa = XCBuildConfiguration;
			buildSettings = {
				ALWAYS_SEARCH_USER_PATHS = NO;
				ASSETCATALOG_COMPILER_GENERATE_SWIFT_ASSET_SYMBOL_EXTENSIONS = YES;
				CLANG_ANALYZER_NONNULL = YES;
				CLANG_ANALYZER_NUMBER_OBJECT_CONVERSION = YES_AGGRESSIVE;
				CLANG_CXX_LANGUAGE_STANDARD = "gnu++20";
				CLANG_ENABLE_MODULES = YES;
				CLANG_ENABLE_OBJC_ARC = YES;
				CLANG_ENABLE_OBJC_WEAK = YES;
				CLANG_WARN_BLOCK_CAPTURE_AUTORELEASING = YES;
				CLANG_WARN_BOOL_CONVERSION = YES;
				CLANG_WARN_COMMA = YES;
				CLANG_WARN_CONSTANT_CONVERSION = YES;
				CLANG_WARN_DEPRECATED_OBJC_IMPLEMENTATIONS = YES;
				CLANG_WARN_DIRECT_OBJC_ISA_USAGE = YES_ERROR;
				CLANG_WARN_DOCUMENTATION_COMMENTS = YES;
				CLANG_WARN_EMPTY_BODY = YES;
				CLANG_WARN_ENUM_CONVERSION = YES;
				CLANG_WARN_INFINITE_RECURSION = YES;
				CLANG_WARN_INT_CONVERSION = YES;
				CLANG_WARN_NON_LITERAL_NULL_CONVERSION = YES;
				CLANG_WARN_OBJC_IMPLICIT_RETAIN_SELF = YES;
				CLANG_WARN_OBJC_LITERAL_CONVERSION = YES;
				CLANG_WARN_OBJC_ROOT_CLASS = YES_ERROR;
				CLANG_WARN_QUOTED_INCLUDE_IN_FRAMEWORK_HEADER = YES;
				CLANG_WARN_RANGE_LOOP_ANALYSIS = YES;
				CLANG_WARN_STRICT_PROTOTYPES = YES;
				CLANG_WARN_SUSPICIOUS_MOVE = YES;
				CLANG_WARN_UNGUARDED_AVAILABILITY = YES_AGGRESSIVE;
				CLANG_WARN_UNREACHABLE_CODE = YES;
				CLANG_WARN__DUPLICATE_METHOD_MATCH = YES;
				COPY_PHASE_STRIP = NO;
				DEBUG_INFORMATION_FORMAT = dwarf;
				ENABLE_STRICT_OBJC_MSGSEND = YES;
				ENABLE_TESTABILITY = YES;
				ENABLE_USER_SCRIPT_SANDBOXING = NO;
				GCC_C_LANGUAGE_STANDARD = gnu17;
				GCC_DYNAMIC_NO_PIC = NO;
				GCC_NO_COMMON_BLOCKS = YES;
				GCC_OPTIMIZATION_LEVEL = 0;
				GCC_PREPROCESSOR_DEFINITIONS = (
					"DEBUG=1",
					"$(inherited)",
				);
				GCC_WARN_64_TO_32_BIT_CONVERSION = YES;
				GCC_WARN_ABOUT_RETURN_TYPE = YES_ERROR;
				GCC_WARN_UNDECLARED_SELECTOR = YES;
				GCC_WARN_UNINITIALIZED_AUTOS = YES_AGGRESSIVE;
				GCC_WARN_UNUSED_FUNCTION = YES;
				GCC_WARN_UNUSED_VARIABLE = YES;
				IPHONEOS_DEPLOYMENT_TARGET = 17.0;
				LOCALIZATION_PREFERS_STRING_CATALOGS = YES;
				MTL_ENABLE_DEBUG_INFO = INCLUDE_SOURCE;
				MTL_FAST_MATH = YES;
				ONLY_ACTIVE_ARCH = YES;
				SDKROOT = iphoneos;
				SWIFT_ACTIVE_COMPILATION_CONDITIONS = "DEBUG $(inherited)";
				SWIFT_OPTIMIZATION_LEVEL = "-Onone";
			};
			name = Debug;
		};
		BEF2987F2B18FDC200CDB13D /* Release */ = {
			isa = XCBuildConfiguration;
			buildSettings = {
				ALWAYS_SEARCH_USER_PATHS = NO;
				ASSETCATALOG_COMPILER_GENERATE_SWIFT_ASSET_SYMBOL_EXTENSIONS = YES;
				CLANG_ANALYZER_NONNULL = YES;
				CLANG_ANALYZER_NUMBER_OBJECT_CONVERSION = YES_AGGRESSIVE;
				CLANG_CXX_LANGUAGE_STANDARD = "gnu++20";
				CLANG_ENABLE_MODULES = YES;
				CLANG_ENABLE_OBJC_ARC = YES;
				CLANG_ENABLE_OBJC_WEAK = YES;
				CLANG_WARN_BLOCK_CAPTURE_AUTORELEASING = YES;
				CLANG_WARN_BOOL_CONVERSION = YES;
				CLANG_WARN_COMMA = YES;
				CLANG_WARN_CONSTANT_CONVERSION = YES;
				CLANG_WARN_DEPRECATED_OBJC_IMPLEMENTATIONS = YES;
				CLANG_WARN_DIRECT_OBJC_ISA_USAGE = YES_ERROR;
				CLANG_WARN_DOCUMENTATION_COMMENTS = YES;
				CLANG_WARN_EMPTY_BODY = YES;
				CLANG_WARN_ENUM_CONVERSION = YES;
				CLANG_WARN_INFINITE_RECURSION = YES;
				CLANG_WARN_INT_CONVERSION = YES;
				CLANG_WARN_NON_LITERAL_NULL_CONVERSION = YES;
				CLANG_WARN_OBJC_IMPLICIT_RETAIN_SELF = YES;
				CLANG_WARN_OBJC_LITERAL_CONVERSION = YES;
				CLANG_WARN_OBJC_ROOT_CLASS = YES_ERROR;
				CLANG_WARN_QUOTED_INCLUDE_IN_FRAMEWORK_HEADER = YES;
				CLANG_WARN_RANGE_LOOP_ANALYSIS = YES;
				CLANG_WARN_STRICT_PROTOTYPES = YES;
				CLANG_WARN_SUSPICIOUS_MOVE = YES;
				CLANG_WARN_UNGUARDED_AVAILABILITY = YES_AGGRESSIVE;
				CLANG_WARN_UNREACHABLE_CODE = YES;
				CLANG_WARN__DUPLICATE_METHOD_MATCH = YES;
				COPY_PHASE_STRIP = NO;
				DEBUG_INFORMATION_FORMAT = "dwarf-with-dsym";
				ENABLE_NS_ASSERTIONS = NO;
				ENABLE_STRICT_OBJC_MSGSEND = YES;
				ENABLE_USER_SCRIPT_SANDBOXING = NO;
				GCC_C_LANGUAGE_STANDARD = gnu17;
				GCC_NO_COMMON_BLOCKS = YES;
				GCC_WARN_64_TO_32_BIT_CONVERSION = YES;
				GCC_WARN_ABOUT_RETURN_TYPE = YES_ERROR;
				GCC_WARN_UNDECLARED_SELECTOR = YES;
				GCC_WARN_UNINITIALIZED_AUTOS = YES_AGGRESSIVE;
				GCC_WARN_UNUSED_FUNCTION = YES;
				GCC_WARN_UNUSED_VARIABLE = YES;
				IPHONEOS_DEPLOYMENT_TARGET = 17.0;
				LOCALIZATION_PREFERS_STRING_CATALOGS = YES;
				MTL_ENABLE_DEBUG_INFO = NO;
				MTL_FAST_MATH = YES;
				SDKROOT = iphoneos;
				SWIFT_COMPILATION_MODE = wholemodule;
				VALIDATE_PRODUCT = YES;
			};
			name = Release;
		};
		BEF298812B18FDC200CDB13D /* Debug */ = {
			isa = XCBuildConfiguration;
			buildSettings = {
				ASSETCATALOG_COMPILER_APPICON_NAME = AppIcon;
				ASSETCATALOG_COMPILER_GLOBAL_ACCENT_COLOR_NAME = AccentColor;
				CODE_SIGN_STYLE = Automatic;
				CURRENT_PROJECT_VERSION = 1;
				DEVELOPMENT_TEAM = BSKM5XY794;
				GENERATE_INFOPLIST_FILE = YES;
				INFOPLIST_FILE = ImageFeed/Info.plist;
				INFOPLIST_KEY_UIApplicationSupportsIndirectInputEvents = YES;
				INFOPLIST_KEY_UILaunchStoryboardName = LaunchScreen;
				INFOPLIST_KEY_UIMainStoryboardFile = Main;
				INFOPLIST_KEY_UIStatusBarStyle = UIStatusBarStyleLightContent;
				INFOPLIST_KEY_UISupportedInterfaceOrientations = UIInterfaceOrientationPortrait;
				INFOPLIST_KEY_UISupportedInterfaceOrientations_iPad = UIInterfaceOrientationPortrait;
				IPHONEOS_DEPLOYMENT_TARGET = 13.0;
				LD_RUNPATH_SEARCH_PATHS = (
					"$(inherited)",
					"@executable_path/Frameworks",
				);
				MARKETING_VERSION = 1.0;
				PRODUCT_BUNDLE_IDENTIFIER = irinadeeva.ImageFeed;
				PRODUCT_NAME = "$(TARGET_NAME)";
				SUPPORTED_PLATFORMS = "iphoneos iphonesimulator";
				SUPPORTS_MACCATALYST = NO;
				SUPPORTS_MAC_DESIGNED_FOR_IPHONE_IPAD = NO;
				SWIFT_EMIT_LOC_STRINGS = YES;
				SWIFT_VERSION = 5.0;
				TARGETED_DEVICE_FAMILY = 1;
			};
			name = Debug;
		};
		BEF298822B18FDC200CDB13D /* Release */ = {
			isa = XCBuildConfiguration;
			buildSettings = {
				ASSETCATALOG_COMPILER_APPICON_NAME = AppIcon;
				ASSETCATALOG_COMPILER_GLOBAL_ACCENT_COLOR_NAME = AccentColor;
				CODE_SIGN_STYLE = Automatic;
				CURRENT_PROJECT_VERSION = 1;
				DEVELOPMENT_TEAM = BSKM5XY794;
				GENERATE_INFOPLIST_FILE = YES;
				INFOPLIST_FILE = ImageFeed/Info.plist;
				INFOPLIST_KEY_UIApplicationSupportsIndirectInputEvents = YES;
				INFOPLIST_KEY_UILaunchStoryboardName = LaunchScreen;
				INFOPLIST_KEY_UIMainStoryboardFile = Main;
				INFOPLIST_KEY_UIStatusBarStyle = UIStatusBarStyleLightContent;
				INFOPLIST_KEY_UISupportedInterfaceOrientations = UIInterfaceOrientationPortrait;
				INFOPLIST_KEY_UISupportedInterfaceOrientations_iPad = UIInterfaceOrientationPortrait;
				IPHONEOS_DEPLOYMENT_TARGET = 13.0;
				LD_RUNPATH_SEARCH_PATHS = (
					"$(inherited)",
					"@executable_path/Frameworks",
				);
				MARKETING_VERSION = 1.0;
				PRODUCT_BUNDLE_IDENTIFIER = irinadeeva.ImageFeed;
				PRODUCT_NAME = "$(TARGET_NAME)";
				SUPPORTED_PLATFORMS = "iphoneos iphonesimulator";
				SUPPORTS_MACCATALYST = NO;
				SUPPORTS_MAC_DESIGNED_FOR_IPHONE_IPAD = NO;
				SWIFT_EMIT_LOC_STRINGS = YES;
				SWIFT_VERSION = 5.0;
				TARGETED_DEVICE_FAMILY = 1;
			};
			name = Release;
		};
/* End XCBuildConfiguration section */

/* Begin XCConfigurationList section */
		BEF298672B18FDC000CDB13D /* Build configuration list for PBXProject "ImageFeed" */ = {
			isa = XCConfigurationList;
			buildConfigurations = (
				BEF2987E2B18FDC200CDB13D /* Debug */,
				BEF2987F2B18FDC200CDB13D /* Release */,
			);
			defaultConfigurationIsVisible = 0;
			defaultConfigurationName = Release;
		};
		BEF298802B18FDC200CDB13D /* Build configuration list for PBXNativeTarget "ImageFeed" */ = {
			isa = XCConfigurationList;
			buildConfigurations = (
				BEF298812B18FDC200CDB13D /* Debug */,
				BEF298822B18FDC200CDB13D /* Release */,
			);
			defaultConfigurationIsVisible = 0;
			defaultConfigurationName = Release;
		};
/* End XCConfigurationList section */

/* Begin XCRemoteSwiftPackageReference section */
		BE324FF72B67F72B007D46F7 /* XCRemoteSwiftPackageReference "ProgressHUD" */ = {
			isa = XCRemoteSwiftPackageReference;
			repositoryURL = "https://github.com/relatedcode/ProgressHUD";
			requirement = {
				kind = exactVersion;
				version = 13.6.1;
			};
		};
/* End XCRemoteSwiftPackageReference section */

/* Begin XCSwiftPackageProductDependency section */
		BE324FF82B67F72C007D46F7 /* ProgressHUD */ = {
			isa = XCSwiftPackageProductDependency;
			package = BE324FF72B67F72B007D46F7 /* XCRemoteSwiftPackageReference "ProgressHUD" */;
			productName = ProgressHUD;
		};
/* End XCSwiftPackageProductDependency section */
	};
	rootObject = BEF298642B18FDC000CDB13D /* Project object */;
}
